
Microsoft Visual Studio Solution File, Format Version 12.00
# Visual Studio Version 16
VisualStudioVersion = 16.0.33927.289
MinimumVisualStudioVersion = 10.0.40219.1
Project("{2150E333-8FDC-42A3-9474-1A3956D46DE8}") = "Task0", "Task0", "{409D4B5F-AF15-4061-B0FE-0BE92DC6E803}"
EndProject
Project("{FAE04EC0-301F-11D3-BF4B-00C04F79EFBC}") = "Tyuiu.KornilovKA.Sprint4.Task0.V1", "Tyuiu.KornilovKA.Sprint4.Task0.V1\Tyuiu.KornilovKA.Sprint4.Task0.V1.csproj", "{D3A64B23-F7D6-4252-8AAF-3F0908595ACB}"
EndProject
Project("{FAE04EC0-301F-11D3-BF4B-00C04F79EFBC}") = "Tyuiu.KornilovKA.Sprint4.Task0.V1.Lib", "Tyuiu.KornilovKA.Sprint4.Task0.V1.Lib\Tyuiu.KornilovKA.Sprint4.Task0.V1.Lib.csproj", "{2589579E-AD45-4766-B33B-0403FA637A02}"
EndProject
Project("{FAE04EC0-301F-11D3-BF4B-00C04F79EFBC}") = "Tyuiu.KornilovKA.Sprint4.Task0.V1.Test", "Tyuiu.KornilovKA.Sprint4.Task0.V1.Test\Tyuiu.KornilovKA.Sprint4.Task0.V1.Test.csproj", "{3E5393E6-BDF9-45C1-B89F-DC66B931132E}"
EndProject
Project("{2150E333-8FDC-42A3-9474-1A3956D46DE8}") = "Task1", "Task1", "{54339127-5D48-4CB3-943D-72D2DA72CCD4}"
EndProject
Project("{FAE04EC0-301F-11D3-BF4B-00C04F79EFBC}") = "Tyuiu.KornilovKA.Sprint4.Task1.V21", "Tyuiu.KornilovKA.Sprint4.Task1.V21\Tyuiu.KornilovKA.Sprint4.Task1.V21.csproj", "{E12CBC44-6245-44CF-8435-2C565C72B218}"
EndProject
Project("{FAE04EC0-301F-11D3-BF4B-00C04F79EFBC}") = "Tyuiu.KornilovKA.Sprint4.Task1.V21.Lib", "Tyuiu.KornilovKA.Sprint4.Task1.V21.Lib\Tyuiu.KornilovKA.Sprint4.Task1.V21.Lib.csproj", "{8D9D2E08-08EF-4A7F-BBCC-828C4556DDE7}"
EndProject
Project("{FAE04EC0-301F-11D3-BF4B-00C04F79EFBC}") = "Tyuiu.KornilovKA.Sprint4.Task1.V21.Test", "Tyuiu.KornilovKA.Sprint4.Task1.V21.Test\Tyuiu.KornilovKA.Sprint4.Task1.V21.Test.csproj", "{08AAC5EB-E152-422B-8FAC-6384FFAFFCF0}"
EndProject
Project("{2150E333-8FDC-42A3-9474-1A3956D46DE8}") = "Task2", "Task2", "{FD0F5ADD-5B68-4C53-83F1-C690BC77EAB9}"
EndProject
Project("{FAE04EC0-301F-11D3-BF4B-00C04F79EFBC}") = "Tyuiu.KornilovKA.Sprint4.Task2.V20", "Tyuiu.KornilovKA.Sprint4.Task2.V20\Tyuiu.KornilovKA.Sprint4.Task2.V20.csproj", "{12154D8B-E74C-4238-8CC6-7569FF85A765}"
EndProject
Project("{FAE04EC0-301F-11D3-BF4B-00C04F79EFBC}") = "Tyuiu.KornilovKA.Sprint4.Task2.V20.Lib", "Tyuiu.KornilovKA.Sprint4.Task2.V20.Lib\Tyuiu.KornilovKA.Sprint4.Task2.V20.Lib.csproj", "{4FDD15B4-61F9-4DAD-9AE6-C3C456FD4135}"
EndProject
Project("{FAE04EC0-301F-11D3-BF4B-00C04F79EFBC}") = "Tyuiu.KornilovKA.Sprint4.Task2.V20.Test", "Tyuiu.KornilovKA.Sprint4.Task2.V20.Test\Tyuiu.KornilovKA.Sprint4.Task2.V20.Test.csproj", "{FCC02DAB-8915-4373-900A-240FCE2E015E}"
EndProject
Project("{2150E333-8FDC-42A3-9474-1A3956D46DE8}") = "Task3", "Task3", "{DE218CA7-969F-4229-895B-18D1DED975E4}"
EndProject
Project("{FAE04EC0-301F-11D3-BF4B-00C04F79EFBC}") = "Tyuiu.KornilovKA.Sprint4.Task3.V27", "Tyuiu.KornilovKA.Sprint4.Task3.V27\Tyuiu.KornilovKA.Sprint4.Task3.V27.csproj", "{3CB2407D-9412-4630-8730-F82CD310C789}"
EndProject
Project("{FAE04EC0-301F-11D3-BF4B-00C04F79EFBC}") = "Tyuiu.KornilovKA.Sprint4.Task3.V27.Lib", "Tyuiu.KornilovKA.Sprint4.Task3.V27.Lib\Tyuiu.KornilovKA.Sprint4.Task3.V27.Lib.csproj", "{7E293AD5-B96A-4104-BCA4-6038A2CA2168}"
EndProject
Project("{FAE04EC0-301F-11D3-BF4B-00C04F79EFBC}") = "Tyuiu.KornilovKA.Sprint4.Task3.V27.Test", "Tyuiu.KornilovKA.Sprint4.Task3.V27.Test\Tyuiu.KornilovKA.Sprint4.Task3.V27.Test.csproj", "{ADA94A12-B941-412D-BA13-44349F3EFBDB}"
EndProject
Project("{2150E333-8FDC-42A3-9474-1A3956D46DE8}") = "Task4", "Task4", "{720E4945-6E81-4A95-B024-8A42DA4CA5B0}"
EndProject
Project("{FAE04EC0-301F-11D3-BF4B-00C04F79EFBC}") = "Tyuiu.KornilovKA.Sprint4.Task4.V13", "Tyuiu.KornilovKA.Sprint4.Task4.V13\Tyuiu.KornilovKA.Sprint4.Task4.V13.csproj", "{FC77E363-FF1E-41B7-9E08-C25A64EB1453}"
EndProject
Project("{FAE04EC0-301F-11D3-BF4B-00C04F79EFBC}") = "Tyuiu.KornilovKA.Sprint4.Task4.V13.Lib", "Tyuiu.KornilovKA.Sprint4.Task4.V13.Lib\Tyuiu.KornilovKA.Sprint4.Task4.V13.Lib.csproj", "{BB13200A-B258-4347-98EF-AC75D2E9E4F5}"
EndProject
Project("{FAE04EC0-301F-11D3-BF4B-00C04F79EFBC}") = "Tyuiu.KornilovKA.Sprint4.Task4.V13.Test", "Tyuiu.KornilovKA.Sprint4.Task4.V13.Test\Tyuiu.KornilovKA.Sprint4.Task4.V13.Test.csproj", "{949C5A7C-1C04-4282-9EAD-C9555C120382}"
EndProject
Project("{2150E333-8FDC-42A3-9474-1A3956D46DE8}") = "Task5", "Task5", "{5163EE6D-2270-4683-8D48-E4001993C084}"
EndProject
Project("{FAE04EC0-301F-11D3-BF4B-00C04F79EFBC}") = "Tyuiu.KornilovKA.Sprint4.Task5.V30", "Tyuiu.KornilovKA.Sprint4.Task5.V30\Tyuiu.KornilovKA.Sprint4.Task5.V30.csproj", "{B0868D81-508F-4B89-BEC3-BEA8E3E0E08D}"
EndProject
Project("{FAE04EC0-301F-11D3-BF4B-00C04F79EFBC}") = "Tyuiu.KornilovKA.Sprint4.Task5.V30.Lib", "Tyuiu.KornilovKA.Sprint4.Task5.V30.Lib\Tyuiu.KornilovKA.Sprint4.Task5.V30.Lib.csproj", "{D9957636-672E-43BA-9475-542908067C6F}"
EndProject
Project("{FAE04EC0-301F-11D3-BF4B-00C04F79EFBC}") = "Tyuiu.KornilovKA.Sprint4.Task5.V30.Test", "Tyuiu.KornilovKA.Sprint4.Task5.V30.Test\Tyuiu.KornilovKA.Sprint4.Task5.V30.Test.csproj", "{078CFDCC-3C61-4287-B6FD-2FD0BA8E2F3F}"
EndProject
Global
	GlobalSection(SolutionConfigurationPlatforms) = preSolution
		Debug|Any CPU = Debug|Any CPU
		Release|Any CPU = Release|Any CPU
	EndGlobalSection
	GlobalSection(ProjectConfigurationPlatforms) = postSolution
		{D3A64B23-F7D6-4252-8AAF-3F0908595ACB}.Debug|Any CPU.ActiveCfg = Debug|Any CPU
		{D3A64B23-F7D6-4252-8AAF-3F0908595ACB}.Debug|Any CPU.Build.0 = Debug|Any CPU
		{D3A64B23-F7D6-4252-8AAF-3F0908595ACB}.Release|Any CPU.ActiveCfg = Release|Any CPU
		{D3A64B23-F7D6-4252-8AAF-3F0908595ACB}.Release|Any CPU.Build.0 = Release|Any CPU
		{2589579E-AD45-4766-B33B-0403FA637A02}.Debug|Any CPU.ActiveCfg = Debug|Any CPU
		{2589579E-AD45-4766-B33B-0403FA637A02}.Debug|Any CPU.Build.0 = Debug|Any CPU
		{2589579E-AD45-4766-B33B-0403FA637A02}.Release|Any CPU.ActiveCfg = Release|Any CPU
		{2589579E-AD45-4766-B33B-0403FA637A02}.Release|Any CPU.Build.0 = Release|Any CPU
		{3E5393E6-BDF9-45C1-B89F-DC66B931132E}.Debug|Any CPU.ActiveCfg = Debug|Any CPU
		{3E5393E6-BDF9-45C1-B89F-DC66B931132E}.Debug|Any CPU.Build.0 = Debug|Any CPU
		{3E5393E6-BDF9-45C1-B89F-DC66B931132E}.Release|Any CPU.ActiveCfg = Release|Any CPU
		{3E5393E6-BDF9-45C1-B89F-DC66B931132E}.Release|Any CPU.Build.0 = Release|Any CPU
		{E12CBC44-6245-44CF-8435-2C565C72B218}.Debug|Any CPU.ActiveCfg = Debug|Any CPU
		{E12CBC44-6245-44CF-8435-2C565C72B218}.Debug|Any CPU.Build.0 = Debug|Any CPU
		{E12CBC44-6245-44CF-8435-2C565C72B218}.Release|Any CPU.ActiveCfg = Release|Any CPU
		{E12CBC44-6245-44CF-8435-2C565C72B218}.Release|Any CPU.Build.0 = Release|Any CPU
		{8D9D2E08-08EF-4A7F-BBCC-828C4556DDE7}.Debug|Any CPU.ActiveCfg = Debug|Any CPU
		{8D9D2E08-08EF-4A7F-BBCC-828C4556DDE7}.Debug|Any CPU.Build.0 = Debug|Any CPU
		{8D9D2E08-08EF-4A7F-BBCC-828C4556DDE7}.Release|Any CPU.ActiveCfg = Release|Any CPU
		{8D9D2E08-08EF-4A7F-BBCC-828C4556DDE7}.Release|Any CPU.Build.0 = Release|Any CPU
		{08AAC5EB-E152-422B-8FAC-6384FFAFFCF0}.Debug|Any CPU.ActiveCfg = Debug|Any CPU
		{08AAC5EB-E152-422B-8FAC-6384FFAFFCF0}.Debug|Any CPU.Build.0 = Debug|Any CPU
		{08AAC5EB-E152-422B-8FAC-6384FFAFFCF0}.Release|Any CPU.ActiveCfg = Release|Any CPU
		{08AAC5EB-E152-422B-8FAC-6384FFAFFCF0}.Release|Any CPU.Build.0 = Release|Any CPU
		{12154D8B-E74C-4238-8CC6-7569FF85A765}.Debug|Any CPU.ActiveCfg = Debug|Any CPU
		{12154D8B-E74C-4238-8CC6-7569FF85A765}.Debug|Any CPU.Build.0 = Debug|Any CPU
		{12154D8B-E74C-4238-8CC6-7569FF85A765}.Release|Any CPU.ActiveCfg = Release|Any CPU
		{12154D8B-E74C-4238-8CC6-7569FF85A765}.Release|Any CPU.Build.0 = Release|Any CPU
		{4FDD15B4-61F9-4DAD-9AE6-C3C456FD4135}.Debug|Any CPU.ActiveCfg = Debug|Any CPU
		{4FDD15B4-61F9-4DAD-9AE6-C3C456FD4135}.Debug|Any CPU.Build.0 = Debug|Any CPU
		{4FDD15B4-61F9-4DAD-9AE6-C3C456FD4135}.Release|Any CPU.ActiveCfg = Release|Any CPU
		{4FDD15B4-61F9-4DAD-9AE6-C3C456FD4135}.Release|Any CPU.Build.0 = Release|Any CPU
		{FCC02DAB-8915-4373-900A-240FCE2E015E}.Debug|Any CPU.ActiveCfg = Debug|Any CPU
		{FCC02DAB-8915-4373-900A-240FCE2E015E}.Debug|Any CPU.Build.0 = Debug|Any CPU
		{FCC02DAB-8915-4373-900A-240FCE2E015E}.Release|Any CPU.ActiveCfg = Release|Any CPU
		{FCC02DAB-8915-4373-900A-240FCE2E015E}.Release|Any CPU.Build.0 = Release|Any CPU
		{3CB2407D-9412-4630-8730-F82CD310C789}.Debug|Any CPU.ActiveCfg = Debug|Any CPU
		{3CB2407D-9412-4630-8730-F82CD310C789}.Debug|Any CPU.Build.0 = Debug|Any CPU
		{3CB2407D-9412-4630-8730-F82CD310C789}.Release|Any CPU.ActiveCfg = Release|Any CPU
		{3CB2407D-9412-4630-8730-F82CD310C789}.Release|Any CPU.Build.0 = Release|Any CPU
		{7E293AD5-B96A-4104-BCA4-6038A2CA2168}.Debug|Any CPU.ActiveCfg = Debug|Any CPU
		{7E293AD5-B96A-4104-BCA4-6038A2CA2168}.Debug|Any CPU.Build.0 = Debug|Any CPU
		{7E293AD5-B96A-4104-BCA4-6038A2CA2168}.Release|Any CPU.ActiveCfg = Release|Any CPU
		{7E293AD5-B96A-4104-BCA4-6038A2CA2168}.Release|Any CPU.Build.0 = Release|Any CPU
		{ADA94A12-B941-412D-BA13-44349F3EFBDB}.Debug|Any CPU.ActiveCfg = Debug|Any CPU
		{ADA94A12-B941-412D-BA13-44349F3EFBDB}.Debug|Any CPU.Build.0 = Debug|Any CPU
		{ADA94A12-B941-412D-BA13-44349F3EFBDB}.Release|Any CPU.ActiveCfg = Release|Any CPU
		{ADA94A12-B941-412D-BA13-44349F3EFBDB}.Release|Any CPU.Build.0 = Release|Any CPU
		{FC77E363-FF1E-41B7-9E08-C25A64EB1453}.Debug|Any CPU.ActiveCfg = Debug|Any CPU
		{FC77E363-FF1E-41B7-9E08-C25A64EB1453}.Debug|Any CPU.Build.0 = Debug|Any CPU
		{FC77E363-FF1E-41B7-9E08-C25A64EB1453}.Release|Any CPU.ActiveCfg = Release|Any CPU
		{FC77E363-FF1E-41B7-9E08-C25A64EB1453}.Release|Any CPU.Build.0 = Release|Any CPU
		{BB13200A-B258-4347-98EF-AC75D2E9E4F5}.Debug|Any CPU.ActiveCfg = Debug|Any CPU
		{BB13200A-B258-4347-98EF-AC75D2E9E4F5}.Debug|Any CPU.Build.0 = Debug|Any CPU
		{BB13200A-B258-4347-98EF-AC75D2E9E4F5}.Release|Any CPU.ActiveCfg = Release|Any CPU
		{BB13200A-B258-4347-98EF-AC75D2E9E4F5}.Release|Any CPU.Build.0 = Release|Any CPU
		{949C5A7C-1C04-4282-9EAD-C9555C120382}.Debug|Any CPU.ActiveCfg = Debug|Any CPU
		{949C5A7C-1C04-4282-9EAD-C9555C120382}.Debug|Any CPU.Build.0 = Debug|Any CPU
		{949C5A7C-1C04-4282-9EAD-C9555C120382}.Release|Any CPU.ActiveCfg = Release|Any CPU
		{949C5A7C-1C04-4282-9EAD-C9555C120382}.Release|Any CPU.Build.0 = Release|Any CPU
		{B0868D81-508F-4B89-BEC3-BEA8E3E0E08D}.Debug|Any CPU.ActiveCfg = Debug|Any CPU
		{B0868D81-508F-4B89-BEC3-BEA8E3E0E08D}.Debug|Any CPU.Build.0 = Debug|Any CPU
		{B0868D81-508F-4B89-BEC3-BEA8E3E0E08D}.Release|Any CPU.ActiveCfg = Release|Any CPU
		{B0868D81-508F-4B89-BEC3-BEA8E3E0E08D}.Release|Any CPU.Build.0 = Release|Any CPU
		{D9957636-672E-43BA-9475-542908067C6F}.Debug|Any CPU.ActiveCfg = Debug|Any CPU
		{D9957636-672E-43BA-9475-542908067C6F}.Debug|Any CPU.Build.0 = Debug|Any CPU
		{D9957636-672E-43BA-9475-542908067C6F}.Release|Any CPU.ActiveCfg = Release|Any CPU
		{D9957636-672E-43BA-9475-542908067C6F}.Release|Any CPU.Build.0 = Release|Any CPU
		{078CFDCC-3C61-4287-B6FD-2FD0BA8E2F3F}.Debug|Any CPU.ActiveCfg = Debug|Any CPU
		{078CFDCC-3C61-4287-B6FD-2FD0BA8E2F3F}.Debug|Any CPU.Build.0 = Debug|Any CPU
		{078CFDCC-3C61-4287-B6FD-2FD0BA8E2F3F}.Release|Any CPU.ActiveCfg = Release|Any CPU
		{078CFDCC-3C61-4287-B6FD-2FD0BA8E2F3F}.Release|Any CPU.Build.0 = Release|Any CPU
	EndGlobalSection
	GlobalSection(SolutionProperties) = preSolution
		HideSolutionNode = FALSE
	EndGlobalSection
	GlobalSection(NestedProjects) = preSolution
		{D3A64B23-F7D6-4252-8AAF-3F0908595ACB} = {409D4B5F-AF15-4061-B0FE-0BE92DC6E803}
		{2589579E-AD45-4766-B33B-0403FA637A02} = {409D4B5F-AF15-4061-B0FE-0BE92DC6E803}
		{3E5393E6-BDF9-45C1-B89F-DC66B931132E} = {409D4B5F-AF15-4061-B0FE-0BE92DC6E803}
		{E12CBC44-6245-44CF-8435-2C565C72B218} = {54339127-5D48-4CB3-943D-72D2DA72CCD4}
		{8D9D2E08-08EF-4A7F-BBCC-828C4556DDE7} = {54339127-5D48-4CB3-943D-72D2DA72CCD4}
		{08AAC5EB-E152-422B-8FAC-6384FFAFFCF0} = {54339127-5D48-4CB3-943D-72D2DA72CCD4}
		{12154D8B-E74C-4238-8CC6-7569FF85A765} = {FD0F5ADD-5B68-4C53-83F1-C690BC77EAB9}
		{4FDD15B4-61F9-4DAD-9AE6-C3C456FD4135} = {FD0F5ADD-5B68-4C53-83F1-C690BC77EAB9}
		{FCC02DAB-8915-4373-900A-240FCE2E015E} = {FD0F5ADD-5B68-4C53-83F1-C690BC77EAB9}
		{3CB2407D-9412-4630-8730-F82CD310C789} = {DE218CA7-969F-4229-895B-18D1DED975E4}
		{7E293AD5-B96A-4104-BCA4-6038A2CA2168} = {DE218CA7-969F-4229-895B-18D1DED975E4}
		{ADA94A12-B941-412D-BA13-44349F3EFBDB} = {DE218CA7-969F-4229-895B-18D1DED975E4}
		{FC77E363-FF1E-41B7-9E08-C25A64EB1453} = {720E4945-6E81-4A95-B024-8A42DA4CA5B0}
		{BB13200A-B258-4347-98EF-AC75D2E9E4F5} = {720E4945-6E81-4A95-B024-8A42DA4CA5B0}
		{949C5A7C-1C04-4282-9EAD-C9555C120382} = {720E4945-6E81-4A95-B024-8A42DA4CA5B0}
		{B0868D81-508F-4B89-BEC3-BEA8E3E0E08D} = {5163EE6D-2270-4683-8D48-E4001993C084}
		{D9957636-672E-43BA-9475-542908067C6F} = {5163EE6D-2270-4683-8D48-E4001993C084}
		{078CFDCC-3C61-4287-B6FD-2FD0BA8E2F3F} = {5163EE6D-2270-4683-8D48-E4001993C084}
	EndGlobalSection
	GlobalSection(ExtensibilityGlobals) = postSolution
		SolutionGuid = {0792CE3A-5EE3-4151-A3C2-752DAB8635E5}
	EndGlobalSection
EndGlobal
